<?xml version="1.0" encoding="utf-8"?>
<Project ToolsVersion="4.0" xmlns="http://schemas.microsoft.com/developer/msbuild/2003">
  <ItemGroup>
    <Filter Include="Umbra">
      <UniqueIdentifier>{52a7c6ef-a60b-4943-8be5-ea3273615519}</UniqueIdentifier>
    </Filter>
    <Filter Include="Umbra\Source Files">
      <UniqueIdentifier>{4FC737F1-C7A5-4376-A066-2A32D752A2FF}</UniqueIdentifier>
      <Extensions>cpp;c;cc;cxx;c++;cppm;ixx;def;odl;idl;hpj;bat;asm;asmx</Extensions>
    </Filter>
    <Filter Include="Umbra\Resource Files">
      <UniqueIdentifier>{67DA6AB6-F800-4c08-8B7A-83BB121AAD01}</UniqueIdentifier>
      <Extensions>rc;ico;cur;bmp;dlg;rc2;rct;bin;rgs;gif;jpg;jpeg;jpe;resx;tiff;tif;png;wav;mfcribbon-ms</Extensions>
    </Filter>
    <Filter Include="Umbra\Header Files">
      <UniqueIdentifier>{93995380-89BD-4b04-88EB-625FBE52EBFB}</UniqueIdentifier>
      <Extensions>h;hh;hpp;hxx;h++;hm;inl;inc;ipp;xsd</Extensions>
    </Filter>
  </ItemGroup>
  <ItemGroup>
    <ClCompile Include="main.cpp">
      <Filter>Umbra\Source Files</Filter>
    </ClCompile>
    <ClCompile Include="Umbra\Application.cpp">
      <Filter>Umbra\Source Files</Filter>
    </ClCompile>
    <ClCompile Include="Umbra\GameInstance.cpp">
      <Filter>Umbra\Source Files</Filter>
    </ClCompile>
    <ClCompile Include="Umbra\Screen.cpp">
      <Filter>Umbra\Source Files</Filter>
    </ClCompile>
    <ClCompile Include="Umbra\Actors\Actor.cpp">
      <Filter>Umbra\Source Files</Filter>
    </ClCompile>
    <ClCompile Include="Umbra\Actors\ActorTransform.cpp">
      <Filter>Umbra\Source Files</Filter>
    </ClCompile>
    <ClCompile Include="Umbra\Actors\ActorWorld.cpp">
      <Filter>Umbra\Source Files</Filter>
    </ClCompile>
    <ClCompile Include="Umbra\Levels\Level.cpp">
      <Filter>Umbra\Source Files</Filter>
    </ClCompile>
    <ClCompile Include="Umbra\Levels\LevelManager.cpp">
      <Filter>Umbra\Source Files</Filter>
    </ClCompile>
  </ItemGroup>
  <ItemGroup>
    <ClInclude Include="Umbra\Application.h">
      <Filter>Umbra\Header Files</Filter>
    </ClInclude>
    <ClInclude Include="Umbra\GameInstance.h">
      <Filter>Umbra\Header Files</Filter>
    </ClInclude>
    <ClInclude Include="Umbra\Screen.h">
      <Filter>Umbra\Header Files</Filter>
    </ClInclude>
    <ClInclude Include="Umbra\Actors\Actor.h">
      <Filter>Umbra\Header Files</Filter>
    </ClInclude>
    <ClInclude Include="Umbra\Actors\ActorTransform.h">
      <Filter>Umbra\Header Files</Filter>
    </ClInclude>
    <ClInclude Include="Umbra\Actors\ActorWorld.h">
      <Filter>Umbra\Header Files</Filter>
    </ClInclude>
    <ClInclude Include="Umbra\Levels\Level.h">
      <Filter>Umbra\Header Files</Filter>
    </ClInclude>
    <ClInclude Include="Umbra\Levels\LevelManager.h">
      <Filter>Umbra\Header Files</Filter>
    </ClInclude>
  </ItemGroup>
</Project>